
Microsoft Visual Studio Solution File, Format Version 12.00
# Visual Studio Version 16
VisualStudioVersion = 16.0.809.10
MinimumVisualStudioVersion = 10.0.40219.1
Project("{FAE04EC0-301F-11D3-BF4B-00C04F79EFBC}") = "BunningsCodingChallengeAPI", "BunningsCodingChallengeAPI\BunningsCodingChallengeAPI.csproj", "{348B4B57-D840-47D0-8837-DE966B1B1A55}"
EndProject
Project("{FAE04EC0-301F-11D3-BF4B-00C04F79EFBC}") = "BunningsCodingChallengeAPI.Tests", "BunningsCodingChallengeAPI.Tests\BunningsCodingChallengeAPI.Tests.csproj", "{24BF45EB-BB4F-45C1-A847-1CB5F8D19EC1}"
EndProject
Global
	GlobalSection(SolutionConfigurationPlatforms) = preSolution
		Debug|Any CPU = Debug|Any CPU
		Release|Any CPU = Release|Any CPU
	EndGlobalSection
	GlobalSection(ProjectConfigurationPlatforms) = postSolution
		{348B4B57-D840-47D0-8837-DE966B1B1A55}.Debug|Any CPU.ActiveCfg = Debug|Any CPU
		{348B4B57-D840-47D0-8837-DE966B1B1A55}.Debug|Any CPU.Build.0 = Debug|Any CPU
		{348B4B57-D840-47D0-8837-DE966B1B1A55}.Release|Any CPU.ActiveCfg = Release|Any CPU
		{348B4B57-D840-47D0-8837-DE966B1B1A55}.Release|Any CPU.Build.0 = Release|Any CPU
		{24BF45EB-BB4F-45C1-A847-1CB5F8D19EC1}.Debug|Any CPU.ActiveCfg = Debug|Any CPU
		{24BF45EB-BB4F-45C1-A847-1CB5F8D19EC1}.Debug|Any CPU.Build.0 = Debug|Any CPU
		{24BF45EB-BB4F-45C1-A847-1CB5F8D19EC1}.Release|Any CPU.ActiveCfg = Release|Any CPU
		{24BF45EB-BB4F-45C1-A847-1CB5F8D19EC1}.Release|Any CPU.Build.0 = Release|Any CPU
	EndGlobalSection
	GlobalSection(SolutionProperties) = preSolution
		HideSolutionNode = FALSE
	EndGlobalSection
	GlobalSection(ExtensibilityGlobals) = postSolution
		SolutionGuid = {D42D22C5-7A65-4514-B35F-F72C0425D29F}
	EndGlobalSection
EndGlobal
